
Microsoft Visual Studio Solution File, Format Version 12.00
# Visual Studio Version 16
VisualStudioVersion = 16.0.29409.12
MinimumVisualStudioVersion = 10.0.40219.1
Project("{F2A71F9B-5D33-465A-A702-920D77279786}") = "StylishFSharp.Chapter4", "StylishFSharp.Chapter4\StylishFSharp.Chapter4.fsproj", "{0425740C-2368-4688-9126-28B98542B760}"
EndProject
Global
	GlobalSection(SolutionConfigurationPlatforms) = preSolution
		Debug|Any CPU = Debug|Any CPU
		Release|Any CPU = Release|Any CPU
	EndGlobalSection
	GlobalSection(ProjectConfigurationPlatforms) = postSolution
		{0425740C-2368-4688-9126-28B98542B760}.Debug|Any CPU.ActiveCfg = Debug|Any CPU
		{0425740C-2368-4688-9126-28B98542B760}.Debug|Any CPU.Build.0 = Debug|Any CPU
		{0425740C-2368-4688-9126-28B98542B760}.Release|Any CPU.ActiveCfg = Release|Any CPU
		{0425740C-2368-4688-9126-28B98542B760}.Release|Any CPU.Build.0 = Release|Any CPU
	EndGlobalSection
	GlobalSection(SolutionProperties) = preSolution
		HideSolutionNode = FALSE
	EndGlobalSection
	GlobalSection(ExtensibilityGlobals) = postSolution
		SolutionGuid = {6721DBD2-8830-4F76-8FE1-0A5F03BA55D9}
	EndGlobalSection
EndGlobal
