
Microsoft Visual Studio Solution File, Format Version 12.00
# Visual Studio 15
VisualStudioVersion = 15.0.28307.136
MinimumVisualStudioVersion = 10.0.40219.1
Project("{F2A71F9B-5D33-465A-A702-920D77279786}") = "Lesson24", "Lesson24\Lesson24.fsproj", "{823F8BD6-68E4-4367-81D3-187ECF40C810}"
EndProject
Global
	GlobalSection(SolutionConfigurationPlatforms) = preSolution
		Debug|Any CPU = Debug|Any CPU
		Release|Any CPU = Release|Any CPU
	EndGlobalSection
	GlobalSection(ProjectConfigurationPlatforms) = postSolution
		{823F8BD6-68E4-4367-81D3-187ECF40C810}.Debug|Any CPU.ActiveCfg = Debug|Any CPU
		{823F8BD6-68E4-4367-81D3-187ECF40C810}.Debug|Any CPU.Build.0 = Debug|Any CPU
		{823F8BD6-68E4-4367-81D3-187ECF40C810}.Release|Any CPU.ActiveCfg = Release|Any CPU
		{823F8BD6-68E4-4367-81D3-187ECF40C810}.Release|Any CPU.Build.0 = Release|Any CPU
	EndGlobalSection
	GlobalSection(SolutionProperties) = preSolution
		HideSolutionNode = FALSE
	EndGlobalSection
	GlobalSection(ExtensibilityGlobals) = postSolution
		SolutionGuid = {28645D67-25A4-4F50-AAD7-481FC0682EF2}
	EndGlobalSection
EndGlobal
